
Microsoft Visual Studio Solution File, Format Version 12.00
# Visual Studio Version 17
VisualStudioVersion = 17.9.34728.123
MinimumVisualStudioVersion = 10.0.40219.1
Project("{9A19103F-16F7-4668-BE54-9A1E7A4F7556}") = "SignlarR.WebApi", "SignlarR.WebApi.csproj", "{AB8F4D0F-0704-42AF-B34A-0F36AC5AA0CC}"
EndProject
Global
	GlobalSection(SolutionConfigurationPlatforms) = preSolution
		Debug|Any CPU = Debug|Any CPU
		Release|Any CPU = Release|Any CPU
	EndGlobalSection
	GlobalSection(ProjectConfigurationPlatforms) = postSolution
		{AB8F4D0F-0704-42AF-B34A-0F36AC5AA0CC}.Debug|Any CPU.ActiveCfg = Debug|Any CPU
		{AB8F4D0F-0704-42AF-B34A-0F36AC5AA0CC}.Debug|Any CPU.Build.0 = Debug|Any CPU
		{AB8F4D0F-0704-42AF-B34A-0F36AC5AA0CC}.Release|Any CPU.ActiveCfg = Release|Any CPU
		{AB8F4D0F-0704-42AF-B34A-0F36AC5AA0CC}.Release|Any CPU.Build.0 = Release|Any CPU
	EndGlobalSection
	GlobalSection(SolutionProperties) = preSolution
		HideSolutionNode = FALSE
	EndGlobalSection
	GlobalSection(ExtensibilityGlobals) = postSolution
		SolutionGuid = {89584CBE-531D-4676-BEE7-7855EFEF1242}
	EndGlobalSection
EndGlobal
